
Microsoft Visual Studio Solution File, Format Version 12.00
Project("{FAE04EC0-301F-11D3-BF4B-00C04F79EFBC}") = "MiniGame", "MiniGame\MiniGame.csproj", "{685989C6-8A1E-498E-AA6A-B01F0D0DD18F}"
EndProject
Project("{FAE04EC0-301F-11D3-BF4B-00C04F79EFBC}") = "MiniGame.Tests", "MiniGame.Tests\MiniGame.Tests.csproj", "{D46AE19A-004F-4989-924E-E40B0722CC63}"
EndProject
Global
	GlobalSection(SolutionConfigurationPlatforms) = preSolution
		Debug|Any CPU = Debug|Any CPU
		Release|Any CPU = Release|Any CPU
	EndGlobalSection
	GlobalSection(ProjectConfigurationPlatforms) = postSolution
		{685989C6-8A1E-498E-AA6A-B01F0D0DD18F}.Debug|Any CPU.ActiveCfg = Debug|Any CPU
		{685989C6-8A1E-498E-AA6A-B01F0D0DD18F}.Debug|Any CPU.Build.0 = Debug|Any CPU
		{685989C6-8A1E-498E-AA6A-B01F0D0DD18F}.Release|Any CPU.ActiveCfg = Release|Any CPU
		{685989C6-8A1E-498E-AA6A-B01F0D0DD18F}.Release|Any CPU.Build.0 = Release|Any CPU
		{D46AE19A-004F-4989-924E-E40B0722CC63}.Debug|Any CPU.ActiveCfg = Debug|Any CPU
		{D46AE19A-004F-4989-924E-E40B0722CC63}.Debug|Any CPU.Build.0 = Debug|Any CPU
		{D46AE19A-004F-4989-924E-E40B0722CC63}.Release|Any CPU.ActiveCfg = Release|Any CPU
		{D46AE19A-004F-4989-924E-E40B0722CC63}.Release|Any CPU.Build.0 = Release|Any CPU
	EndGlobalSection
EndGlobal
